
Microsoft Visual Studio Solution File, Format Version 12.00
# Visual Studio 15
VisualStudioVersion = 15.0.28010.2036
MinimumVisualStudioVersion = 10.0.40219.1
Project("{FAE04EC0-301F-11D3-BF4B-00C04F79EFBC}") = "UsbLib", "UsbLib\UsbLib.csproj", "{FB98B21C-050C-4BA8-A217-72BF35F37A73}"
EndProject
Project("{FAE04EC0-301F-11D3-BF4B-00C04F79EFBC}") = "UsbLibConsole", "UsbLibConsole\UsbLibConsole.csproj", "{AC0947E7-60E5-48D5-9A56-8510C85D8F14}"
EndProject
Global
	GlobalSection(SolutionConfigurationPlatforms) = preSolution
		Debug|Any CPU = Debug|Any CPU
		Release|Any CPU = Release|Any CPU
	EndGlobalSection
	GlobalSection(ProjectConfigurationPlatforms) = postSolution
		{FB98B21C-050C-4BA8-A217-72BF35F37A73}.Debug|Any CPU.ActiveCfg = Debug|Any CPU
		{FB98B21C-050C-4BA8-A217-72BF35F37A73}.Debug|Any CPU.Build.0 = Debug|Any CPU
		{FB98B21C-050C-4BA8-A217-72BF35F37A73}.Release|Any CPU.ActiveCfg = Release|Any CPU
		{FB98B21C-050C-4BA8-A217-72BF35F37A73}.Release|Any CPU.Build.0 = Release|Any CPU
		{AC0947E7-60E5-48D5-9A56-8510C85D8F14}.Debug|Any CPU.ActiveCfg = Debug|Any CPU
		{AC0947E7-60E5-48D5-9A56-8510C85D8F14}.Debug|Any CPU.Build.0 = Debug|Any CPU
		{AC0947E7-60E5-48D5-9A56-8510C85D8F14}.Release|Any CPU.ActiveCfg = Release|Any CPU
		{AC0947E7-60E5-48D5-9A56-8510C85D8F14}.Release|Any CPU.Build.0 = Release|Any CPU
	EndGlobalSection
	GlobalSection(SolutionProperties) = preSolution
		HideSolutionNode = FALSE
	EndGlobalSection
	GlobalSection(ExtensibilityGlobals) = postSolution
		SolutionGuid = {43F48D3C-5A62-4775-8914-9A8320733FBE}
	EndGlobalSection
EndGlobal
